
Microsoft Visual Studio Solution File, Format Version 12.00
# Visual Studio 17
Project("{FAE04EC0-301F-11D3-BF4B-00C04F79EFBC}") = "GoPxLSdkNet", "GoPxLSdkNet\GoPxLSdkNet\GoPxLSdkNet.csproj", "{7B097683-28FF-5118-B2FC-BC1A5EB4315F}"
EndProject
Project("{FAE04EC0-301F-11D3-BF4B-00C04F79EFBC}") = "AlignSensorNet", "GoPxLSdkNet\samples\AlignSensor\AlignSensorNet.csproj", "{0D14F8C2-6B77-5AA0-A6F2-9623591DAE8C}"
	ProjectSection(ProjectDependencies) = postProject
		{7B097683-28FF-5118-B2FC-BC1A5EB4315F} = {7B097683-28FF-5118-B2FC-BC1A5EB4315F}
	EndProjectSection
EndProject
Project("{FAE04EC0-301F-11D3-BF4B-00C04F79EFBC}") = "BackupRestoreNet", "GoPxLSdkNet\samples\BackupRestore\BackupRestoreNet.csproj", "{4A15B20C-3BD1-554E-888D-007BBD351BA8}"
	ProjectSection(ProjectDependencies) = postProject
		{7B097683-28FF-5118-B2FC-BC1A5EB4315F} = {7B097683-28FF-5118-B2FC-BC1A5EB4315F}
	EndProjectSection
EndProject
Project("{FAE04EC0-301F-11D3-BF4B-00C04F79EFBC}") = "ConfigureSensorNet", "GoPxLSdkNet\samples\ConfigureSensor\ConfigureSensorNet.csproj", "{5554F4A4-0580-53AF-A81D-D6D077DB6AB8}"
	ProjectSection(ProjectDependencies) = postProject
		{7B097683-28FF-5118-B2FC-BC1A5EB4315F} = {7B097683-28FF-5118-B2FC-BC1A5EB4315F}
	EndProjectSection
EndProject
Project("{FAE04EC0-301F-11D3-BF4B-00C04F79EFBC}") = "ConfigureToolNet", "GoPxLSdkNet\samples\ConfigureTool\ConfigureToolNet.csproj", "{72B0A27E-0D9A-5FD0-B318-D67672E84D26}"
	ProjectSection(ProjectDependencies) = postProject
		{7B097683-28FF-5118-B2FC-BC1A5EB4315F} = {7B097683-28FF-5118-B2FC-BC1A5EB4315F}
	EndProjectSection
EndProject
Project("{FAE04EC0-301F-11D3-BF4B-00C04F79EFBC}") = "DiscoverNet", "GoPxLSdkNet\samples\Discover\DiscoverNet.csproj", "{562555D0-772F-5733-AFE1-6F4D12937E00}"
	ProjectSection(ProjectDependencies) = postProject
		{7B097683-28FF-5118-B2FC-BC1A5EB4315F} = {7B097683-28FF-5118-B2FC-BC1A5EB4315F}
	EndProjectSection
EndProject
Project("{FAE04EC0-301F-11D3-BF4B-00C04F79EFBC}") = "MultilayerOutputsNet", "GoPxLSdkNet\samples\MultilayerOutputs\MultilayerOutputsNet.csproj", "{6EBDA17C-1071-5446-9C02-10D3829DDC77}"
	ProjectSection(ProjectDependencies) = postProject
		{7B097683-28FF-5118-B2FC-BC1A5EB4315F} = {7B097683-28FF-5118-B2FC-BC1A5EB4315F}
	EndProjectSection
EndProject
Project("{FAE04EC0-301F-11D3-BF4B-00C04F79EFBC}") = "MultiSensorLayoutNet", "GoPxLSdkNet\samples\MultiSensorLayout\MultiSensorLayoutNet.csproj", "{558CD86B-8BF7-53EE-ADA6-CCF8A1C183D2}"
	ProjectSection(ProjectDependencies) = postProject
		{7B097683-28FF-5118-B2FC-BC1A5EB4315F} = {7B097683-28FF-5118-B2FC-BC1A5EB4315F}
	EndProjectSection
EndProject
Project("{FAE04EC0-301F-11D3-BF4B-00C04F79EFBC}") = "ReceiveAsyncNet", "GoPxLSdkNet\samples\ReceiveAsync\ReceiveAsyncNet.csproj", "{EDCD4F71-2F84-518B-AAD1-79161B0FEF8F}"
	ProjectSection(ProjectDependencies) = postProject
		{7B097683-28FF-5118-B2FC-BC1A5EB4315F} = {7B097683-28FF-5118-B2FC-BC1A5EB4315F}
	EndProjectSection
EndProject
Project("{FAE04EC0-301F-11D3-BF4B-00C04F79EFBC}") = "ReceiveMetricsNet", "GoPxLSdkNet\samples\ReceiveMetrics\ReceiveMetricsNet.csproj", "{40D084E5-7B53-5427-9CB7-D1CC1A44B0BC}"
	ProjectSection(ProjectDependencies) = postProject
		{7B097683-28FF-5118-B2FC-BC1A5EB4315F} = {7B097683-28FF-5118-B2FC-BC1A5EB4315F}
	EndProjectSection
EndProject
Project("{FAE04EC0-301F-11D3-BF4B-00C04F79EFBC}") = "ReceiveMeasurementNet", "GoPxLSdkNet\samples\ReceiveMeasurement\ReceiveMeasurementNet.csproj", "{AAEFAB2B-A472-58B5-8DB9-EADE0B8FFB2C}"
	ProjectSection(ProjectDependencies) = postProject
		{7B097683-28FF-5118-B2FC-BC1A5EB4315F} = {7B097683-28FF-5118-B2FC-BC1A5EB4315F}
	EndProjectSection
EndProject
Project("{FAE04EC0-301F-11D3-BF4B-00C04F79EFBC}") = "ReceiveProfileNet", "GoPxLSdkNet\samples\ReceiveProfile\ReceiveProfileNet.csproj", "{EF1AF85A-3C62-54AB-92A9-EE5AE177B6ED}"
	ProjectSection(ProjectDependencies) = postProject
		{7B097683-28FF-5118-B2FC-BC1A5EB4315F} = {7B097683-28FF-5118-B2FC-BC1A5EB4315F}
	EndProjectSection
EndProject
Project("{FAE04EC0-301F-11D3-BF4B-00C04F79EFBC}") = "ReceiveStringNet", "GoPxLSdkNet\samples\ReceiveString\ReceiveStringNet.csproj", "{784AB254-148C-5B0B-A979-062516FEDB6D}"
	ProjectSection(ProjectDependencies) = postProject
		{7B097683-28FF-5118-B2FC-BC1A5EB4315F} = {7B097683-28FF-5118-B2FC-BC1A5EB4315F}
	EndProjectSection
EndProject
Project("{FAE04EC0-301F-11D3-BF4B-00C04F79EFBC}") = "ReceiveSurfaceNet", "GoPxLSdkNet\samples\ReceiveSurface\ReceiveSurfaceNet.csproj", "{B270F6EE-55C1-5D96-A1C0-8B72DFDCE89F}"
	ProjectSection(ProjectDependencies) = postProject
		{7B097683-28FF-5118-B2FC-BC1A5EB4315F} = {7B097683-28FF-5118-B2FC-BC1A5EB4315F}
	EndProjectSection
EndProject
Project("{FAE04EC0-301F-11D3-BF4B-00C04F79EFBC}") = "ReceiveImageNet", "GoPxLSdkNet\samples\ReceiveImage\ReceiveImageNet.csproj", "{958AC243-5648-5481-B922-CA58EDEC800E}"
	ProjectSection(ProjectDependencies) = postProject
		{7B097683-28FF-5118-B2FC-BC1A5EB4315F} = {7B097683-28FF-5118-B2FC-BC1A5EB4315F}
	EndProjectSection
EndProject
Project("{FAE04EC0-301F-11D3-BF4B-00C04F79EFBC}") = "Receive2dImageNet", "GoPxLSdkNet\samples\Receive2dImage\Receive2dImageNet.csproj", "{EA34BCF0-CAF1-5991-B154-584621305FD8}"
	ProjectSection(ProjectDependencies) = postProject
		{7B097683-28FF-5118-B2FC-BC1A5EB4315F} = {7B097683-28FF-5118-B2FC-BC1A5EB4315F}
	EndProjectSection
EndProject
Project("{FAE04EC0-301F-11D3-BF4B-00C04F79EFBC}") = "ReplayDataNet", "GoPxLSdkNet\samples\ReplayData\ReplayDataNet.csproj", "{196BC4A9-06B9-5373-A4B1-5396294882C0}"
	ProjectSection(ProjectDependencies) = postProject
		{7B097683-28FF-5118-B2FC-BC1A5EB4315F} = {7B097683-28FF-5118-B2FC-BC1A5EB4315F}
	EndProjectSection
EndProject
Project("{FAE04EC0-301F-11D3-BF4B-00C04F79EFBC}") = "SaveJobNet", "GoPxLSdkNet\samples\SaveJob\SaveJobNet.csproj", "{06AF77A4-0B5B-575C-BF77-FD2EF7EEA0E3}"
	ProjectSection(ProjectDependencies) = postProject
		{7B097683-28FF-5118-B2FC-BC1A5EB4315F} = {7B097683-28FF-5118-B2FC-BC1A5EB4315F}
	EndProjectSection
EndProject
Project("{2150E333-8FDC-42A3-9474-1A3956D46DE8}") = "GoPxLSdkNet", "GoPxLSdkNet", "{5A915BEB-E1CA-562B-BD58-62F4B37D153E}"
EndProject
Project("{2150E333-8FDC-42A3-9474-1A3956D46DE8}") = "samples", "samples", "{2D46F9BD-17CA-54CC-B1BF-5A2D5351134F}"
EndProject
Global
	GlobalSection(SolutionConfigurationPlatforms) = preSolution
		Debug|x64 = Debug|x64
		Release|x64 = Release|x64
	EndGlobalSection
	GlobalSection(ProjectConfigurationPlatforms) = postSolution
		{7B097683-28FF-5118-B2FC-BC1A5EB4315F}.Debug|x64.ActiveCfg = Debug|x64
		{7B097683-28FF-5118-B2FC-BC1A5EB4315F}.Debug|x64.Build.0 = Debug|x64
		{7B097683-28FF-5118-B2FC-BC1A5EB4315F}.Release|x64.ActiveCfg = Release|x64
		{7B097683-28FF-5118-B2FC-BC1A5EB4315F}.Release|x64.Build.0 = Release|x64
		{0D14F8C2-6B77-5AA0-A6F2-9623591DAE8C}.Debug|x64.ActiveCfg = Debug|x64
		{0D14F8C2-6B77-5AA0-A6F2-9623591DAE8C}.Debug|x64.Build.0 = Debug|x64
		{0D14F8C2-6B77-5AA0-A6F2-9623591DAE8C}.Release|x64.ActiveCfg = Release|x64
		{0D14F8C2-6B77-5AA0-A6F2-9623591DAE8C}.Release|x64.Build.0 = Release|x64
		{4A15B20C-3BD1-554E-888D-007BBD351BA8}.Debug|x64.ActiveCfg = Debug|x64
		{4A15B20C-3BD1-554E-888D-007BBD351BA8}.Debug|x64.Build.0 = Debug|x64
		{4A15B20C-3BD1-554E-888D-007BBD351BA8}.Release|x64.ActiveCfg = Release|x64
		{4A15B20C-3BD1-554E-888D-007BBD351BA8}.Release|x64.Build.0 = Release|x64
		{5554F4A4-0580-53AF-A81D-D6D077DB6AB8}.Debug|x64.ActiveCfg = Debug|x64
		{5554F4A4-0580-53AF-A81D-D6D077DB6AB8}.Debug|x64.Build.0 = Debug|x64
		{5554F4A4-0580-53AF-A81D-D6D077DB6AB8}.Release|x64.ActiveCfg = Release|x64
		{5554F4A4-0580-53AF-A81D-D6D077DB6AB8}.Release|x64.Build.0 = Release|x64
		{72B0A27E-0D9A-5FD0-B318-D67672E84D26}.Debug|x64.ActiveCfg = Debug|x64
		{72B0A27E-0D9A-5FD0-B318-D67672E84D26}.Debug|x64.Build.0 = Debug|x64
		{72B0A27E-0D9A-5FD0-B318-D67672E84D26}.Release|x64.ActiveCfg = Release|x64
		{72B0A27E-0D9A-5FD0-B318-D67672E84D26}.Release|x64.Build.0 = Release|x64
		{562555D0-772F-5733-AFE1-6F4D12937E00}.Debug|x64.ActiveCfg = Debug|x64
		{562555D0-772F-5733-AFE1-6F4D12937E00}.Debug|x64.Build.0 = Debug|x64
		{562555D0-772F-5733-AFE1-6F4D12937E00}.Release|x64.ActiveCfg = Release|x64
		{562555D0-772F-5733-AFE1-6F4D12937E00}.Release|x64.Build.0 = Release|x64
		{6EBDA17C-1071-5446-9C02-10D3829DDC77}.Debug|x64.ActiveCfg = Debug|x64
		{6EBDA17C-1071-5446-9C02-10D3829DDC77}.Debug|x64.Build.0 = Debug|x64
		{6EBDA17C-1071-5446-9C02-10D3829DDC77}.Release|x64.ActiveCfg = Release|x64
		{6EBDA17C-1071-5446-9C02-10D3829DDC77}.Release|x64.Build.0 = Release|x64
		{558CD86B-8BF7-53EE-ADA6-CCF8A1C183D2}.Debug|x64.ActiveCfg = Debug|x64
		{558CD86B-8BF7-53EE-ADA6-CCF8A1C183D2}.Debug|x64.Build.0 = Debug|x64
		{558CD86B-8BF7-53EE-ADA6-CCF8A1C183D2}.Release|x64.ActiveCfg = Release|x64
		{558CD86B-8BF7-53EE-ADA6-CCF8A1C183D2}.Release|x64.Build.0 = Release|x64
		{EDCD4F71-2F84-518B-AAD1-79161B0FEF8F}.Debug|x64.ActiveCfg = Debug|x64
		{EDCD4F71-2F84-518B-AAD1-79161B0FEF8F}.Debug|x64.Build.0 = Debug|x64
		{EDCD4F71-2F84-518B-AAD1-79161B0FEF8F}.Release|x64.ActiveCfg = Release|x64
		{EDCD4F71-2F84-518B-AAD1-79161B0FEF8F}.Release|x64.Build.0 = Release|x64
		{40D084E5-7B53-5427-9CB7-D1CC1A44B0BC}.Debug|x64.ActiveCfg = Debug|x64
		{40D084E5-7B53-5427-9CB7-D1CC1A44B0BC}.Debug|x64.Build.0 = Debug|x64
		{40D084E5-7B53-5427-9CB7-D1CC1A44B0BC}.Release|x64.ActiveCfg = Release|x64
		{40D084E5-7B53-5427-9CB7-D1CC1A44B0BC}.Release|x64.Build.0 = Release|x64
		{AAEFAB2B-A472-58B5-8DB9-EADE0B8FFB2C}.Debug|x64.ActiveCfg = Debug|x64
		{AAEFAB2B-A472-58B5-8DB9-EADE0B8FFB2C}.Debug|x64.Build.0 = Debug|x64
		{AAEFAB2B-A472-58B5-8DB9-EADE0B8FFB2C}.Release|x64.ActiveCfg = Release|x64
		{AAEFAB2B-A472-58B5-8DB9-EADE0B8FFB2C}.Release|x64.Build.0 = Release|x64
		{EF1AF85A-3C62-54AB-92A9-EE5AE177B6ED}.Debug|x64.ActiveCfg = Debug|x64
		{EF1AF85A-3C62-54AB-92A9-EE5AE177B6ED}.Debug|x64.Build.0 = Debug|x64
		{EF1AF85A-3C62-54AB-92A9-EE5AE177B6ED}.Release|x64.ActiveCfg = Release|x64
		{EF1AF85A-3C62-54AB-92A9-EE5AE177B6ED}.Release|x64.Build.0 = Release|x64
		{784AB254-148C-5B0B-A979-062516FEDB6D}.Debug|x64.ActiveCfg = Debug|x64
		{784AB254-148C-5B0B-A979-062516FEDB6D}.Debug|x64.Build.0 = Debug|x64
		{784AB254-148C-5B0B-A979-062516FEDB6D}.Release|x64.ActiveCfg = Release|x64
		{784AB254-148C-5B0B-A979-062516FEDB6D}.Release|x64.Build.0 = Release|x64
		{B270F6EE-55C1-5D96-A1C0-8B72DFDCE89F}.Debug|x64.ActiveCfg = Debug|x64
		{B270F6EE-55C1-5D96-A1C0-8B72DFDCE89F}.Debug|x64.Build.0 = Debug|x64
		{B270F6EE-55C1-5D96-A1C0-8B72DFDCE89F}.Release|x64.ActiveCfg = Release|x64
		{B270F6EE-55C1-5D96-A1C0-8B72DFDCE89F}.Release|x64.Build.0 = Release|x64
		{958AC243-5648-5481-B922-CA58EDEC800E}.Debug|x64.ActiveCfg = Debug|x64
		{958AC243-5648-5481-B922-CA58EDEC800E}.Debug|x64.Build.0 = Debug|x64
		{958AC243-5648-5481-B922-CA58EDEC800E}.Release|x64.ActiveCfg = Release|x64
		{958AC243-5648-5481-B922-CA58EDEC800E}.Release|x64.Build.0 = Release|x64
		{EA34BCF0-CAF1-5991-B154-584621305FD8}.Debug|x64.ActiveCfg = Debug|x64
		{EA34BCF0-CAF1-5991-B154-584621305FD8}.Debug|x64.Build.0 = Debug|x64
		{EA34BCF0-CAF1-5991-B154-584621305FD8}.Release|x64.ActiveCfg = Release|x64
		{EA34BCF0-CAF1-5991-B154-584621305FD8}.Release|x64.Build.0 = Release|x64
		{196BC4A9-06B9-5373-A4B1-5396294882C0}.Debug|x64.ActiveCfg = Debug|x64
		{196BC4A9-06B9-5373-A4B1-5396294882C0}.Debug|x64.Build.0 = Debug|x64
		{196BC4A9-06B9-5373-A4B1-5396294882C0}.Release|x64.ActiveCfg = Release|x64
		{196BC4A9-06B9-5373-A4B1-5396294882C0}.Release|x64.Build.0 = Release|x64
		{06AF77A4-0B5B-575C-BF77-FD2EF7EEA0E3}.Debug|x64.ActiveCfg = Debug|x64
		{06AF77A4-0B5B-575C-BF77-FD2EF7EEA0E3}.Debug|x64.Build.0 = Debug|x64
		{06AF77A4-0B5B-575C-BF77-FD2EF7EEA0E3}.Release|x64.ActiveCfg = Release|x64
		{06AF77A4-0B5B-575C-BF77-FD2EF7EEA0E3}.Release|x64.Build.0 = Release|x64
	EndGlobalSection
	GlobalSection(SolutionProperties) = preSolution
		HideSolutionNode = FALSE
	EndGlobalSection
	GlobalSection(NestedProjects) = preSolution
		{7B097683-28FF-5118-B2FC-BC1A5EB4315F} = {5A915BEB-E1CA-562B-BD58-62F4B37D153E}
		{0D14F8C2-6B77-5AA0-A6F2-9623591DAE8C} = {2D46F9BD-17CA-54CC-B1BF-5A2D5351134F}
		{4A15B20C-3BD1-554E-888D-007BBD351BA8} = {2D46F9BD-17CA-54CC-B1BF-5A2D5351134F}
		{5554F4A4-0580-53AF-A81D-D6D077DB6AB8} = {2D46F9BD-17CA-54CC-B1BF-5A2D5351134F}
		{72B0A27E-0D9A-5FD0-B318-D67672E84D26} = {2D46F9BD-17CA-54CC-B1BF-5A2D5351134F}
		{562555D0-772F-5733-AFE1-6F4D12937E00} = {2D46F9BD-17CA-54CC-B1BF-5A2D5351134F}
		{6EBDA17C-1071-5446-9C02-10D3829DDC77} = {2D46F9BD-17CA-54CC-B1BF-5A2D5351134F}
		{558CD86B-8BF7-53EE-ADA6-CCF8A1C183D2} = {2D46F9BD-17CA-54CC-B1BF-5A2D5351134F}
		{EDCD4F71-2F84-518B-AAD1-79161B0FEF8F} = {2D46F9BD-17CA-54CC-B1BF-5A2D5351134F}
		{40D084E5-7B53-5427-9CB7-D1CC1A44B0BC} = {2D46F9BD-17CA-54CC-B1BF-5A2D5351134F}
		{AAEFAB2B-A472-58B5-8DB9-EADE0B8FFB2C} = {2D46F9BD-17CA-54CC-B1BF-5A2D5351134F}
		{EF1AF85A-3C62-54AB-92A9-EE5AE177B6ED} = {2D46F9BD-17CA-54CC-B1BF-5A2D5351134F}
		{784AB254-148C-5B0B-A979-062516FEDB6D} = {2D46F9BD-17CA-54CC-B1BF-5A2D5351134F}
		{B270F6EE-55C1-5D96-A1C0-8B72DFDCE89F} = {2D46F9BD-17CA-54CC-B1BF-5A2D5351134F}
		{958AC243-5648-5481-B922-CA58EDEC800E} = {2D46F9BD-17CA-54CC-B1BF-5A2D5351134F}
		{EA34BCF0-CAF1-5991-B154-584621305FD8} = {2D46F9BD-17CA-54CC-B1BF-5A2D5351134F}
		{196BC4A9-06B9-5373-A4B1-5396294882C0} = {2D46F9BD-17CA-54CC-B1BF-5A2D5351134F}
		{06AF77A4-0B5B-575C-BF77-FD2EF7EEA0E3} = {2D46F9BD-17CA-54CC-B1BF-5A2D5351134F}
	EndGlobalSection
EndGlobal
