
Microsoft Visual Studio Solution File, Format Version 12.00
# Visual Studio 15
Project("{8BC9CEB8-8B4A-11D0-8D11-00A0C91BC942}") = "kApi-2017", "..\Platform\kApi\kApi-2017.vcxproj", "{3E520C6C-0547-51AA-BF38-349D7C6C4F93}"
EndProject
Project("{8BC9CEB8-8B4A-11D0-8D11-00A0C91BC942}") = "GoApi-2017", "GoApi\GoApi-2017.vcxproj", "{021D07BC-5872-5C7B-B50C-8603000A72F7}"
	ProjectSection(ProjectDependencies) = postProject
		{3E520C6C-0547-51AA-BF38-349D7C6C4F93} = {3E520C6C-0547-51AA-BF38-349D7C6C4F93}
	EndProjectSection
EndProject
Project("{8BC9CEB8-8B4A-11D0-8D11-00A0C91BC942}") = "GoPxLSdk-2017", "GoPxLSdk\GoPxLSdk-2017.vcxproj", "{9E6A0079-EE68-563C-A244-1EEC03644633}"
	ProjectSection(ProjectDependencies) = postProject
		{021D07BC-5872-5C7B-B50C-8603000A72F7} = {021D07BC-5872-5C7B-B50C-8603000A72F7}
	EndProjectSection
EndProject
Project("{8BC9CEB8-8B4A-11D0-8D11-00A0C91BC942}") = "AlignSensor-2017", "GoPxLSdk\samples\AlignSensor\AlignSensor-2017.vcxproj", "{0271A307-0936-585F-A36C-AE9C925B699A}"
	ProjectSection(ProjectDependencies) = postProject
		{9E6A0079-EE68-563C-A244-1EEC03644633} = {9E6A0079-EE68-563C-A244-1EEC03644633}
	EndProjectSection
EndProject
Project("{8BC9CEB8-8B4A-11D0-8D11-00A0C91BC942}") = "BackupRestore-2017", "GoPxLSdk\samples\BackupRestore\BackupRestore-2017.vcxproj", "{861C00D3-F4F4-5731-9C7C-8EAC3EADFD33}"
	ProjectSection(ProjectDependencies) = postProject
		{9E6A0079-EE68-563C-A244-1EEC03644633} = {9E6A0079-EE68-563C-A244-1EEC03644633}
	EndProjectSection
EndProject
Project("{8BC9CEB8-8B4A-11D0-8D11-00A0C91BC942}") = "ConfigureSensor-2017", "GoPxLSdk\samples\ConfigureSensor\ConfigureSensor-2017.vcxproj", "{696F4688-8845-5FED-BEC4-BC8840AD47D3}"
	ProjectSection(ProjectDependencies) = postProject
		{9E6A0079-EE68-563C-A244-1EEC03644633} = {9E6A0079-EE68-563C-A244-1EEC03644633}
	EndProjectSection
EndProject
Project("{8BC9CEB8-8B4A-11D0-8D11-00A0C91BC942}") = "ConfigureTool-2017", "GoPxLSdk\samples\ConfigureTool\ConfigureTool-2017.vcxproj", "{8B6325CF-CECC-5B60-8C20-E6EFE71C5839}"
	ProjectSection(ProjectDependencies) = postProject
		{9E6A0079-EE68-563C-A244-1EEC03644633} = {9E6A0079-EE68-563C-A244-1EEC03644633}
	EndProjectSection
EndProject
Project("{8BC9CEB8-8B4A-11D0-8D11-00A0C91BC942}") = "Discover-2017", "GoPxLSdk\samples\Discover\Discover-2017.vcxproj", "{26DBE7AE-9F39-5416-914B-ADE6062DB6A8}"
	ProjectSection(ProjectDependencies) = postProject
		{9E6A0079-EE68-563C-A244-1EEC03644633} = {9E6A0079-EE68-563C-A244-1EEC03644633}
	EndProjectSection
EndProject
Project("{8BC9CEB8-8B4A-11D0-8D11-00A0C91BC942}") = "MultilayerOutputs-2017", "GoPxLSdk\samples\MultilayerOutputs\MultilayerOutputs-2017.vcxproj", "{F60B03CA-FFCC-52D6-99C5-3866AFE7ACA2}"
	ProjectSection(ProjectDependencies) = postProject
		{9E6A0079-EE68-563C-A244-1EEC03644633} = {9E6A0079-EE68-563C-A244-1EEC03644633}
	EndProjectSection
EndProject
Project("{8BC9CEB8-8B4A-11D0-8D11-00A0C91BC942}") = "MultiSensorLayout-2017", "GoPxLSdk\samples\MultiSensorLayout\MultiSensorLayout-2017.vcxproj", "{2AFB44F2-4AEB-5D83-828E-BA19F9B30C65}"
	ProjectSection(ProjectDependencies) = postProject
		{9E6A0079-EE68-563C-A244-1EEC03644633} = {9E6A0079-EE68-563C-A244-1EEC03644633}
	EndProjectSection
EndProject
Project("{8BC9CEB8-8B4A-11D0-8D11-00A0C91BC942}") = "ReceiveAsync-2017", "GoPxLSdk\samples\ReceiveAsync\ReceiveAsync-2017.vcxproj", "{539477A1-7414-5C98-8597-8147F8D819F9}"
	ProjectSection(ProjectDependencies) = postProject
		{9E6A0079-EE68-563C-A244-1EEC03644633} = {9E6A0079-EE68-563C-A244-1EEC03644633}
	EndProjectSection
EndProject
Project("{8BC9CEB8-8B4A-11D0-8D11-00A0C91BC942}") = "ReceiveMetrics-2017", "GoPxLSdk\samples\ReceiveMetrics\ReceiveMetrics-2017.vcxproj", "{CC4D62AF-D2C5-5087-82A9-24922880720D}"
	ProjectSection(ProjectDependencies) = postProject
		{9E6A0079-EE68-563C-A244-1EEC03644633} = {9E6A0079-EE68-563C-A244-1EEC03644633}
	EndProjectSection
EndProject
Project("{8BC9CEB8-8B4A-11D0-8D11-00A0C91BC942}") = "ReceiveMeasurement-2017", "GoPxLSdk\samples\ReceiveMeasurement\ReceiveMeasurement-2017.vcxproj", "{64D26E35-7221-5B2D-8A74-065FFA36F3D8}"
	ProjectSection(ProjectDependencies) = postProject
		{9E6A0079-EE68-563C-A244-1EEC03644633} = {9E6A0079-EE68-563C-A244-1EEC03644633}
	EndProjectSection
EndProject
Project("{8BC9CEB8-8B4A-11D0-8D11-00A0C91BC942}") = "ReceiveProfile-2017", "GoPxLSdk\samples\ReceiveProfile\ReceiveProfile-2017.vcxproj", "{F879C448-DE33-510C-8CA9-8088D82DCF9C}"
	ProjectSection(ProjectDependencies) = postProject
		{9E6A0079-EE68-563C-A244-1EEC03644633} = {9E6A0079-EE68-563C-A244-1EEC03644633}
	EndProjectSection
EndProject
Project("{8BC9CEB8-8B4A-11D0-8D11-00A0C91BC942}") = "ReceiveString-2017", "GoPxLSdk\samples\ReceiveString\ReceiveString-2017.vcxproj", "{1F558F2D-8D93-5B4D-B6D5-14A4D001D44A}"
	ProjectSection(ProjectDependencies) = postProject
		{9E6A0079-EE68-563C-A244-1EEC03644633} = {9E6A0079-EE68-563C-A244-1EEC03644633}
	EndProjectSection
EndProject
Project("{8BC9CEB8-8B4A-11D0-8D11-00A0C91BC942}") = "ReceiveSurface-2017", "GoPxLSdk\samples\ReceiveSurface\ReceiveSurface-2017.vcxproj", "{1B34E5EA-D046-57B0-B946-D2AA2916485B}"
	ProjectSection(ProjectDependencies) = postProject
		{9E6A0079-EE68-563C-A244-1EEC03644633} = {9E6A0079-EE68-563C-A244-1EEC03644633}
	EndProjectSection
EndProject
Project("{8BC9CEB8-8B4A-11D0-8D11-00A0C91BC942}") = "ReceiveImage-2017", "GoPxLSdk\samples\ReceiveImage\ReceiveImage-2017.vcxproj", "{42B03256-28B5-5F5B-A420-A87A4C01AFB7}"
	ProjectSection(ProjectDependencies) = postProject
		{9E6A0079-EE68-563C-A244-1EEC03644633} = {9E6A0079-EE68-563C-A244-1EEC03644633}
	EndProjectSection
EndProject
Project("{8BC9CEB8-8B4A-11D0-8D11-00A0C91BC942}") = "Receive2dImage-2017", "GoPxLSdk\samples\Receive2dImage\Receive2dImage-2017.vcxproj", "{D1EFBCE3-A516-5CF9-B0F9-0BB3FE5F949B}"
	ProjectSection(ProjectDependencies) = postProject
		{9E6A0079-EE68-563C-A244-1EEC03644633} = {9E6A0079-EE68-563C-A244-1EEC03644633}
	EndProjectSection
EndProject
Project("{8BC9CEB8-8B4A-11D0-8D11-00A0C91BC942}") = "ReplayData-2017", "GoPxLSdk\samples\ReplayData\ReplayData-2017.vcxproj", "{EA634D67-EC9A-52D4-BB7A-FF0FC0AD7731}"
	ProjectSection(ProjectDependencies) = postProject
		{9E6A0079-EE68-563C-A244-1EEC03644633} = {9E6A0079-EE68-563C-A244-1EEC03644633}
	EndProjectSection
EndProject
Project("{8BC9CEB8-8B4A-11D0-8D11-00A0C91BC942}") = "SaveJob-2017", "GoPxLSdk\samples\SaveJob\SaveJob-2017.vcxproj", "{9F5D304C-B69F-5E5B-BE8A-D70DAD87EA72}"
	ProjectSection(ProjectDependencies) = postProject
		{9E6A0079-EE68-563C-A244-1EEC03644633} = {9E6A0079-EE68-563C-A244-1EEC03644633}
	EndProjectSection
EndProject
Project("{2150E333-8FDC-42A3-9474-1A3956D46DE8}") = "kApi", "kApi", "{96516BB7-10A1-5B2E-8C58-354328E23CE0}"
EndProject
Project("{2150E333-8FDC-42A3-9474-1A3956D46DE8}") = "GoApi", "GoApi", "{A2DB3171-85EE-5B80-ADD3-13799471FDC9}"
EndProject
Project("{2150E333-8FDC-42A3-9474-1A3956D46DE8}") = "GoPxLSdk", "GoPxLSdk", "{38DEE17B-8338-59FC-B910-D046E6A2ECD9}"
EndProject
Project("{2150E333-8FDC-42A3-9474-1A3956D46DE8}") = "samples", "samples", "{2D46F9BD-17CA-54CC-B1BF-5A2D5351134F}"
EndProject
Global
	GlobalSection(SolutionConfigurationPlatforms) = preSolution
		Debug|x64 = Debug|x64
		Release|x64 = Release|x64
	EndGlobalSection
	GlobalSection(ProjectConfigurationPlatforms) = postSolution
		{3E520C6C-0547-51AA-BF38-349D7C6C4F93}.Debug|x64.ActiveCfg = Debug|x64
		{3E520C6C-0547-51AA-BF38-349D7C6C4F93}.Debug|x64.Build.0 = Debug|x64
		{3E520C6C-0547-51AA-BF38-349D7C6C4F93}.Release|x64.ActiveCfg = Release|x64
		{3E520C6C-0547-51AA-BF38-349D7C6C4F93}.Release|x64.Build.0 = Release|x64
		{021D07BC-5872-5C7B-B50C-8603000A72F7}.Debug|x64.ActiveCfg = Debug|x64
		{021D07BC-5872-5C7B-B50C-8603000A72F7}.Debug|x64.Build.0 = Debug|x64
		{021D07BC-5872-5C7B-B50C-8603000A72F7}.Release|x64.ActiveCfg = Release|x64
		{021D07BC-5872-5C7B-B50C-8603000A72F7}.Release|x64.Build.0 = Release|x64
		{9E6A0079-EE68-563C-A244-1EEC03644633}.Debug|x64.ActiveCfg = Debug|x64
		{9E6A0079-EE68-563C-A244-1EEC03644633}.Debug|x64.Build.0 = Debug|x64
		{9E6A0079-EE68-563C-A244-1EEC03644633}.Release|x64.ActiveCfg = Release|x64
		{9E6A0079-EE68-563C-A244-1EEC03644633}.Release|x64.Build.0 = Release|x64
		{0271A307-0936-585F-A36C-AE9C925B699A}.Debug|x64.ActiveCfg = Debug|x64
		{0271A307-0936-585F-A36C-AE9C925B699A}.Debug|x64.Build.0 = Debug|x64
		{0271A307-0936-585F-A36C-AE9C925B699A}.Release|x64.ActiveCfg = Release|x64
		{0271A307-0936-585F-A36C-AE9C925B699A}.Release|x64.Build.0 = Release|x64
		{861C00D3-F4F4-5731-9C7C-8EAC3EADFD33}.Debug|x64.ActiveCfg = Debug|x64
		{861C00D3-F4F4-5731-9C7C-8EAC3EADFD33}.Debug|x64.Build.0 = Debug|x64
		{861C00D3-F4F4-5731-9C7C-8EAC3EADFD33}.Release|x64.ActiveCfg = Release|x64
		{861C00D3-F4F4-5731-9C7C-8EAC3EADFD33}.Release|x64.Build.0 = Release|x64
		{696F4688-8845-5FED-BEC4-BC8840AD47D3}.Debug|x64.ActiveCfg = Debug|x64
		{696F4688-8845-5FED-BEC4-BC8840AD47D3}.Debug|x64.Build.0 = Debug|x64
		{696F4688-8845-5FED-BEC4-BC8840AD47D3}.Release|x64.ActiveCfg = Release|x64
		{696F4688-8845-5FED-BEC4-BC8840AD47D3}.Release|x64.Build.0 = Release|x64
		{8B6325CF-CECC-5B60-8C20-E6EFE71C5839}.Debug|x64.ActiveCfg = Debug|x64
		{8B6325CF-CECC-5B60-8C20-E6EFE71C5839}.Debug|x64.Build.0 = Debug|x64
		{8B6325CF-CECC-5B60-8C20-E6EFE71C5839}.Release|x64.ActiveCfg = Release|x64
		{8B6325CF-CECC-5B60-8C20-E6EFE71C5839}.Release|x64.Build.0 = Release|x64
		{26DBE7AE-9F39-5416-914B-ADE6062DB6A8}.Debug|x64.ActiveCfg = Debug|x64
		{26DBE7AE-9F39-5416-914B-ADE6062DB6A8}.Debug|x64.Build.0 = Debug|x64
		{26DBE7AE-9F39-5416-914B-ADE6062DB6A8}.Release|x64.ActiveCfg = Release|x64
		{26DBE7AE-9F39-5416-914B-ADE6062DB6A8}.Release|x64.Build.0 = Release|x64
		{F60B03CA-FFCC-52D6-99C5-3866AFE7ACA2}.Debug|x64.ActiveCfg = Debug|x64
		{F60B03CA-FFCC-52D6-99C5-3866AFE7ACA2}.Debug|x64.Build.0 = Debug|x64
		{F60B03CA-FFCC-52D6-99C5-3866AFE7ACA2}.Release|x64.ActiveCfg = Release|x64
		{F60B03CA-FFCC-52D6-99C5-3866AFE7ACA2}.Release|x64.Build.0 = Release|x64
		{2AFB44F2-4AEB-5D83-828E-BA19F9B30C65}.Debug|x64.ActiveCfg = Debug|x64
		{2AFB44F2-4AEB-5D83-828E-BA19F9B30C65}.Debug|x64.Build.0 = Debug|x64
		{2AFB44F2-4AEB-5D83-828E-BA19F9B30C65}.Release|x64.ActiveCfg = Release|x64
		{2AFB44F2-4AEB-5D83-828E-BA19F9B30C65}.Release|x64.Build.0 = Release|x64
		{539477A1-7414-5C98-8597-8147F8D819F9}.Debug|x64.ActiveCfg = Debug|x64
		{539477A1-7414-5C98-8597-8147F8D819F9}.Debug|x64.Build.0 = Debug|x64
		{539477A1-7414-5C98-8597-8147F8D819F9}.Release|x64.ActiveCfg = Release|x64
		{539477A1-7414-5C98-8597-8147F8D819F9}.Release|x64.Build.0 = Release|x64
		{CC4D62AF-D2C5-5087-82A9-24922880720D}.Debug|x64.ActiveCfg = Debug|x64
		{CC4D62AF-D2C5-5087-82A9-24922880720D}.Debug|x64.Build.0 = Debug|x64
		{CC4D62AF-D2C5-5087-82A9-24922880720D}.Release|x64.ActiveCfg = Release|x64
		{CC4D62AF-D2C5-5087-82A9-24922880720D}.Release|x64.Build.0 = Release|x64
		{64D26E35-7221-5B2D-8A74-065FFA36F3D8}.Debug|x64.ActiveCfg = Debug|x64
		{64D26E35-7221-5B2D-8A74-065FFA36F3D8}.Debug|x64.Build.0 = Debug|x64
		{64D26E35-7221-5B2D-8A74-065FFA36F3D8}.Release|x64.ActiveCfg = Release|x64
		{64D26E35-7221-5B2D-8A74-065FFA36F3D8}.Release|x64.Build.0 = Release|x64
		{F879C448-DE33-510C-8CA9-8088D82DCF9C}.Debug|x64.ActiveCfg = Debug|x64
		{F879C448-DE33-510C-8CA9-8088D82DCF9C}.Debug|x64.Build.0 = Debug|x64
		{F879C448-DE33-510C-8CA9-8088D82DCF9C}.Release|x64.ActiveCfg = Release|x64
		{F879C448-DE33-510C-8CA9-8088D82DCF9C}.Release|x64.Build.0 = Release|x64
		{1F558F2D-8D93-5B4D-B6D5-14A4D001D44A}.Debug|x64.ActiveCfg = Debug|x64
		{1F558F2D-8D93-5B4D-B6D5-14A4D001D44A}.Debug|x64.Build.0 = Debug|x64
		{1F558F2D-8D93-5B4D-B6D5-14A4D001D44A}.Release|x64.ActiveCfg = Release|x64
		{1F558F2D-8D93-5B4D-B6D5-14A4D001D44A}.Release|x64.Build.0 = Release|x64
		{1B34E5EA-D046-57B0-B946-D2AA2916485B}.Debug|x64.ActiveCfg = Debug|x64
		{1B34E5EA-D046-57B0-B946-D2AA2916485B}.Debug|x64.Build.0 = Debug|x64
		{1B34E5EA-D046-57B0-B946-D2AA2916485B}.Release|x64.ActiveCfg = Release|x64
		{1B34E5EA-D046-57B0-B946-D2AA2916485B}.Release|x64.Build.0 = Release|x64
		{42B03256-28B5-5F5B-A420-A87A4C01AFB7}.Debug|x64.ActiveCfg = Debug|x64
		{42B03256-28B5-5F5B-A420-A87A4C01AFB7}.Debug|x64.Build.0 = Debug|x64
		{42B03256-28B5-5F5B-A420-A87A4C01AFB7}.Release|x64.ActiveCfg = Release|x64
		{42B03256-28B5-5F5B-A420-A87A4C01AFB7}.Release|x64.Build.0 = Release|x64
		{D1EFBCE3-A516-5CF9-B0F9-0BB3FE5F949B}.Debug|x64.ActiveCfg = Debug|x64
		{D1EFBCE3-A516-5CF9-B0F9-0BB3FE5F949B}.Debug|x64.Build.0 = Debug|x64
		{D1EFBCE3-A516-5CF9-B0F9-0BB3FE5F949B}.Release|x64.ActiveCfg = Release|x64
		{D1EFBCE3-A516-5CF9-B0F9-0BB3FE5F949B}.Release|x64.Build.0 = Release|x64
		{EA634D67-EC9A-52D4-BB7A-FF0FC0AD7731}.Debug|x64.ActiveCfg = Debug|x64
		{EA634D67-EC9A-52D4-BB7A-FF0FC0AD7731}.Debug|x64.Build.0 = Debug|x64
		{EA634D67-EC9A-52D4-BB7A-FF0FC0AD7731}.Release|x64.ActiveCfg = Release|x64
		{EA634D67-EC9A-52D4-BB7A-FF0FC0AD7731}.Release|x64.Build.0 = Release|x64
		{9F5D304C-B69F-5E5B-BE8A-D70DAD87EA72}.Debug|x64.ActiveCfg = Debug|x64
		{9F5D304C-B69F-5E5B-BE8A-D70DAD87EA72}.Debug|x64.Build.0 = Debug|x64
		{9F5D304C-B69F-5E5B-BE8A-D70DAD87EA72}.Release|x64.ActiveCfg = Release|x64
		{9F5D304C-B69F-5E5B-BE8A-D70DAD87EA72}.Release|x64.Build.0 = Release|x64
	EndGlobalSection
	GlobalSection(SolutionProperties) = preSolution
		HideSolutionNode = FALSE
	EndGlobalSection
	GlobalSection(NestedProjects) = preSolution
		{3E520C6C-0547-51AA-BF38-349D7C6C4F93} = {96516BB7-10A1-5B2E-8C58-354328E23CE0}
		{021D07BC-5872-5C7B-B50C-8603000A72F7} = {A2DB3171-85EE-5B80-ADD3-13799471FDC9}
		{9E6A0079-EE68-563C-A244-1EEC03644633} = {38DEE17B-8338-59FC-B910-D046E6A2ECD9}
		{0271A307-0936-585F-A36C-AE9C925B699A} = {2D46F9BD-17CA-54CC-B1BF-5A2D5351134F}
		{861C00D3-F4F4-5731-9C7C-8EAC3EADFD33} = {2D46F9BD-17CA-54CC-B1BF-5A2D5351134F}
		{696F4688-8845-5FED-BEC4-BC8840AD47D3} = {2D46F9BD-17CA-54CC-B1BF-5A2D5351134F}
		{8B6325CF-CECC-5B60-8C20-E6EFE71C5839} = {2D46F9BD-17CA-54CC-B1BF-5A2D5351134F}
		{26DBE7AE-9F39-5416-914B-ADE6062DB6A8} = {2D46F9BD-17CA-54CC-B1BF-5A2D5351134F}
		{F60B03CA-FFCC-52D6-99C5-3866AFE7ACA2} = {2D46F9BD-17CA-54CC-B1BF-5A2D5351134F}
		{2AFB44F2-4AEB-5D83-828E-BA19F9B30C65} = {2D46F9BD-17CA-54CC-B1BF-5A2D5351134F}
		{539477A1-7414-5C98-8597-8147F8D819F9} = {2D46F9BD-17CA-54CC-B1BF-5A2D5351134F}
		{CC4D62AF-D2C5-5087-82A9-24922880720D} = {2D46F9BD-17CA-54CC-B1BF-5A2D5351134F}
		{64D26E35-7221-5B2D-8A74-065FFA36F3D8} = {2D46F9BD-17CA-54CC-B1BF-5A2D5351134F}
		{F879C448-DE33-510C-8CA9-8088D82DCF9C} = {2D46F9BD-17CA-54CC-B1BF-5A2D5351134F}
		{1F558F2D-8D93-5B4D-B6D5-14A4D001D44A} = {2D46F9BD-17CA-54CC-B1BF-5A2D5351134F}
		{1B34E5EA-D046-57B0-B946-D2AA2916485B} = {2D46F9BD-17CA-54CC-B1BF-5A2D5351134F}
		{42B03256-28B5-5F5B-A420-A87A4C01AFB7} = {2D46F9BD-17CA-54CC-B1BF-5A2D5351134F}
		{D1EFBCE3-A516-5CF9-B0F9-0BB3FE5F949B} = {2D46F9BD-17CA-54CC-B1BF-5A2D5351134F}
		{EA634D67-EC9A-52D4-BB7A-FF0FC0AD7731} = {2D46F9BD-17CA-54CC-B1BF-5A2D5351134F}
		{9F5D304C-B69F-5E5B-BE8A-D70DAD87EA72} = {2D46F9BD-17CA-54CC-B1BF-5A2D5351134F}
	EndGlobalSection
EndGlobal
