<?xml version="1.0" encoding="utf-8"?>
<Project ToolsVersion="4.0" xmlns="http://schemas.microsoft.com/developer/msbuild/2003">
  <ItemGroup>
    <Filter Include="RobotDriver">
      <UniqueIdentifier>{07cd9f17-2f9c-5022-87b6-cc20b7c5c24d}</UniqueIdentifier>
    </Filter>
  </ItemGroup>
  <ItemGroup />
  <ItemGroup />
  <ItemGroup />
  <ItemGroup>
    <ClInclude Include="..\..\GoRobotSamples\RobotDrivers\KukaRobotDriver.h">
      <Filter>RobotDriver</Filter>
    </ClInclude>
  </ItemGroup>
  <ItemGroup>
    <ClCompile Include="..\..\GoRobotSamples\KukaSnapshot_EyeOnHand\KukaSnapshot_EyeOnHand.cpp">
      <Filter></Filter>
    </ClCompile>
    <ClCompile Include="..\..\GoRobotSamples\RobotDrivers\KukaRobotDriver.cpp">
      <Filter>RobotDriver</Filter>
    </ClCompile>
  </ItemGroup>
  <ItemGroup>
    <None Include="KukaSnapshot_EyeOnHand.xml">
      <Filter></Filter>
    </None>
  </ItemGroup>
</Project>